
Microsoft Visual Studio Solution File, Format Version 12.00
# Visual Studio Version 17
VisualStudioVersion = 17.5.002.0
MinimumVisualStudioVersion = 10.0.40219.1
Project("{9A19103F-16F7-4668-BE54-9A1E7A4F7556}") = "ConsoleApp1", "ConsoleApp1.csproj", "{CA997D1B-464B-4663-B570-E2A48A8AC81F}"
EndProject
Global
	GlobalSection(SolutionConfigurationPlatforms) = preSolution
		Debug|Any CPU = Debug|Any CPU
		Release|Any CPU = Release|Any CPU
	EndGlobalSection
	GlobalSection(ProjectConfigurationPlatforms) = postSolution
		{CA997D1B-464B-4663-B570-E2A48A8AC81F}.Debug|Any CPU.ActiveCfg = Debug|Any CPU
		{CA997D1B-464B-4663-B570-E2A48A8AC81F}.Debug|Any CPU.Build.0 = Debug|Any CPU
		{CA997D1B-464B-4663-B570-E2A48A8AC81F}.Release|Any CPU.ActiveCfg = Release|Any CPU
		{CA997D1B-464B-4663-B570-E2A48A8AC81F}.Release|Any CPU.Build.0 = Release|Any CPU
	EndGlobalSection
	GlobalSection(SolutionProperties) = preSolution
		HideSolutionNode = FALSE
	EndGlobalSection
	GlobalSection(ExtensibilityGlobals) = postSolution
		SolutionGuid = {3200AFB3-4341-46C6-8714-DA8C009B33D7}
	EndGlobalSection
EndGlobal
